
Microsoft Visual Studio Solution File, Format Version 12.00
# Visual Studio Version 17
VisualStudioVersion = 17.0.31912.275
MinimumVisualStudioVersion = 10.0.40219.1
Project("{9A19103F-16F7-4668-BE54-9A1E7A4F7556}") = "Aquapets.Shared.Api", "Aquapets.Api\Aquapets.Shared.Api.csproj", "{6B2BA7A2-6CBF-448A-8558-948571E615D9}"
EndProject
Project("{2150E333-8FDC-42A3-9474-1A3956D46DE8}") = "Shared", "Shared", "{D5E095C0-4173-45BC-87F4-F32C2C4E73F6}"
EndProject
Project("{9A19103F-16F7-4668-BE54-9A1E7A4F7556}") = "Aquapets.Shared.Abstractions", "Aquapets.Shared.Abstractions\Aquapets.Shared.Abstractions.csproj", "{52044446-33DA-435E-9D8E-5519C4999FD0}"
EndProject
Project("{2150E333-8FDC-42A3-9474-1A3956D46DE8}") = "InfoBlog", "InfoBlog", "{DBFF1D62-7535-4B92-BCBB-2A0C366E6FB4}"
EndProject
Project("{2150E333-8FDC-42A3-9474-1A3956D46DE8}") = "Utilities", "Utilities", "{DE93317F-AC7D-41F5-A3D6-8754ECE074F8}"
EndProject
Project("{2150E333-8FDC-42A3-9474-1A3956D46DE8}") = "UserTanks", "UserTanks", "{AE456E2D-B361-4C5D-BDC3-C528FD17D335}"
EndProject
Project("{2150E333-8FDC-42A3-9474-1A3956D46DE8}") = "UserCharts", "UserCharts", "{6B0D6296-FDF5-4E28-87E2-39A1D02A8055}"
EndProject
Project("{FAE04EC0-301F-11D3-BF4B-00C04F79EFBC}") = "Aquapets.Shared.Application", "Aquapets.Shared\Aquapets.Shared.Application.csproj", "{32FC3589-ED0D-4BDA-A66F-4F52C362FD63}"
EndProject
Project("{FAE04EC0-301F-11D3-BF4B-00C04F79EFBC}") = "Aquapets.Shared.Domain", "Aquapets.Shared.Domain\Aquapets.Shared.Domain.csproj", "{D6F79FCA-A944-4879-B020-D36B3C33A7A8}"
EndProject
Project("{FAE04EC0-301F-11D3-BF4B-00C04F79EFBC}") = "Aquapets.Shared.Infrastructure", "Aquapets.Shared.Infrastructure\Aquapets.Shared.Infrastructure.csproj", "{A21F85D1-BDFE-4EA3-B90E-CB7D12367787}"
EndProject
Global
	GlobalSection(SolutionConfigurationPlatforms) = preSolution
		Debug|Any CPU = Debug|Any CPU
		Release|Any CPU = Release|Any CPU
	EndGlobalSection
	GlobalSection(ProjectConfigurationPlatforms) = postSolution
		{6B2BA7A2-6CBF-448A-8558-948571E615D9}.Debug|Any CPU.ActiveCfg = Debug|Any CPU
		{6B2BA7A2-6CBF-448A-8558-948571E615D9}.Debug|Any CPU.Build.0 = Debug|Any CPU
		{6B2BA7A2-6CBF-448A-8558-948571E615D9}.Release|Any CPU.ActiveCfg = Release|Any CPU
		{6B2BA7A2-6CBF-448A-8558-948571E615D9}.Release|Any CPU.Build.0 = Release|Any CPU
		{52044446-33DA-435E-9D8E-5519C4999FD0}.Debug|Any CPU.ActiveCfg = Debug|Any CPU
		{52044446-33DA-435E-9D8E-5519C4999FD0}.Debug|Any CPU.Build.0 = Debug|Any CPU
		{52044446-33DA-435E-9D8E-5519C4999FD0}.Release|Any CPU.ActiveCfg = Release|Any CPU
		{52044446-33DA-435E-9D8E-5519C4999FD0}.Release|Any CPU.Build.0 = Release|Any CPU
		{32FC3589-ED0D-4BDA-A66F-4F52C362FD63}.Debug|Any CPU.ActiveCfg = Debug|Any CPU
		{32FC3589-ED0D-4BDA-A66F-4F52C362FD63}.Debug|Any CPU.Build.0 = Debug|Any CPU
		{32FC3589-ED0D-4BDA-A66F-4F52C362FD63}.Release|Any CPU.ActiveCfg = Release|Any CPU
		{32FC3589-ED0D-4BDA-A66F-4F52C362FD63}.Release|Any CPU.Build.0 = Release|Any CPU
		{D6F79FCA-A944-4879-B020-D36B3C33A7A8}.Debug|Any CPU.ActiveCfg = Debug|Any CPU
		{D6F79FCA-A944-4879-B020-D36B3C33A7A8}.Debug|Any CPU.Build.0 = Debug|Any CPU
		{D6F79FCA-A944-4879-B020-D36B3C33A7A8}.Release|Any CPU.ActiveCfg = Release|Any CPU
		{D6F79FCA-A944-4879-B020-D36B3C33A7A8}.Release|Any CPU.Build.0 = Release|Any CPU
		{A21F85D1-BDFE-4EA3-B90E-CB7D12367787}.Debug|Any CPU.ActiveCfg = Debug|Any CPU
		{A21F85D1-BDFE-4EA3-B90E-CB7D12367787}.Debug|Any CPU.Build.0 = Debug|Any CPU
		{A21F85D1-BDFE-4EA3-B90E-CB7D12367787}.Release|Any CPU.ActiveCfg = Release|Any CPU
		{A21F85D1-BDFE-4EA3-B90E-CB7D12367787}.Release|Any CPU.Build.0 = Release|Any CPU
	EndGlobalSection
	GlobalSection(SolutionProperties) = preSolution
		HideSolutionNode = FALSE
	EndGlobalSection
	GlobalSection(NestedProjects) = preSolution
		{6B2BA7A2-6CBF-448A-8558-948571E615D9} = {D5E095C0-4173-45BC-87F4-F32C2C4E73F6}
		{52044446-33DA-435E-9D8E-5519C4999FD0} = {D5E095C0-4173-45BC-87F4-F32C2C4E73F6}
		{32FC3589-ED0D-4BDA-A66F-4F52C362FD63} = {D5E095C0-4173-45BC-87F4-F32C2C4E73F6}
		{D6F79FCA-A944-4879-B020-D36B3C33A7A8} = {D5E095C0-4173-45BC-87F4-F32C2C4E73F6}
		{A21F85D1-BDFE-4EA3-B90E-CB7D12367787} = {D5E095C0-4173-45BC-87F4-F32C2C4E73F6}
	EndGlobalSection
	GlobalSection(ExtensibilityGlobals) = postSolution
		SolutionGuid = {435CF7F7-4C99-432D-B574-F5E43AEB5B3A}
	EndGlobalSection
EndGlobal
